
Microsoft Visual Studio Solution File, Format Version 12.00
# Visual Studio Version 17
VisualStudioVersion = 17.2.32616.157
MinimumVisualStudioVersion = 10.0.40219.1
Project("{9A19103F-16F7-4668-BE54-9A1E7A4F7556}") = "Shultc", "Shultc\Shultc.csproj", "{EC01298B-AE90-41AC-A99C-67075B141AA4}"
EndProject
Global
	GlobalSection(SolutionConfigurationPlatforms) = preSolution
		Debug|Any CPU = Debug|Any CPU
		Release|Any CPU = Release|Any CPU
	EndGlobalSection
	GlobalSection(ProjectConfigurationPlatforms) = postSolution
		{EC01298B-AE90-41AC-A99C-67075B141AA4}.Debug|Any CPU.ActiveCfg = Debug|Any CPU
		{EC01298B-AE90-41AC-A99C-67075B141AA4}.Debug|Any CPU.Build.0 = Debug|Any CPU
		{EC01298B-AE90-41AC-A99C-67075B141AA4}.Release|Any CPU.ActiveCfg = Release|Any CPU
		{EC01298B-AE90-41AC-A99C-67075B141AA4}.Release|Any CPU.Build.0 = Release|Any CPU
	EndGlobalSection
	GlobalSection(SolutionProperties) = preSolution
		HideSolutionNode = FALSE
	EndGlobalSection
	GlobalSection(ExtensibilityGlobals) = postSolution
		SolutionGuid = {683609B7-8FF9-43EA-81DC-E3A7C92C552B}
	EndGlobalSection
EndGlobal
